
Microsoft Visual Studio Solution File, Format Version 12.00
# Visual Studio Version 17
VisualStudioVersion = 17.2.32616.157
MinimumVisualStudioVersion = 10.0.40219.1
Project("{9A19103F-16F7-4668-BE54-9A1E7A4F7556}") = "Maskinpark", "Maskinpark\Maskinpark.csproj", "{52303CDE-C55B-4E81-913C-51954C39A576}"
EndProject
Project("{9A19103F-16F7-4668-BE54-9A1E7A4F7556}") = "Maskinpark.Shared", "Mskinpark.Shared\Maskinpark.Shared.csproj", "{A6D25E6A-B8BB-4CB8-996D-6FF0ECC680AC}"
EndProject
Global
	GlobalSection(SolutionConfigurationPlatforms) = preSolution
		Debug|Any CPU = Debug|Any CPU
		Release|Any CPU = Release|Any CPU
	EndGlobalSection
	GlobalSection(ProjectConfigurationPlatforms) = postSolution
		{52303CDE-C55B-4E81-913C-51954C39A576}.Debug|Any CPU.ActiveCfg = Debug|Any CPU
		{52303CDE-C55B-4E81-913C-51954C39A576}.Debug|Any CPU.Build.0 = Debug|Any CPU
		{52303CDE-C55B-4E81-913C-51954C39A576}.Release|Any CPU.ActiveCfg = Release|Any CPU
		{52303CDE-C55B-4E81-913C-51954C39A576}.Release|Any CPU.Build.0 = Release|Any CPU
		{A6D25E6A-B8BB-4CB8-996D-6FF0ECC680AC}.Debug|Any CPU.ActiveCfg = Debug|Any CPU
		{A6D25E6A-B8BB-4CB8-996D-6FF0ECC680AC}.Debug|Any CPU.Build.0 = Debug|Any CPU
		{A6D25E6A-B8BB-4CB8-996D-6FF0ECC680AC}.Release|Any CPU.ActiveCfg = Release|Any CPU
		{A6D25E6A-B8BB-4CB8-996D-6FF0ECC680AC}.Release|Any CPU.Build.0 = Release|Any CPU
	EndGlobalSection
	GlobalSection(SolutionProperties) = preSolution
		HideSolutionNode = FALSE
	EndGlobalSection
	GlobalSection(ExtensibilityGlobals) = postSolution
		SolutionGuid = {A573C02F-0FF8-46E3-A190-1C51D6B2252D}
	EndGlobalSection
EndGlobal
